{
  "name": "rorrim",
  "version": "1.0.0",
  "lockfileVersion": 1,
  "requires": true,
  "dependencies": {
    "commander": {
      "version": "2.20.3",
      "resolved": "https://registry.npm.taobao.org/commander/download/commander-2.20.3.tgz?cache=0&sync_timestamp=1616364348904&other_urls=https%3A%2F%2Fregistry.npm.taobao.org%2Fcommander%2Fdownload%2Fcommander-2.20.3.tgz",
      "integrity": "sha1-/UhehMA+tIgcIHIrpIA16FMa6zM="
    },
    "opentype.js": {
      "version": "0.11.0",
      "resolved": "https://registry.npm.taobao.org/opentype.js/download/opentype.js-0.11.0.tgz",
      "integrity": "sha1-MQ8/uF8JymzyKsjPVA32e0GMM1E=",
      "requires": {
        "string.prototype.codepointat": "^0.2.1",
        "tiny-inflate": "^1.0.2"
      }
    },
    "string.prototype.codepointat": {
      "version": "0.2.1",
      "resolved": "https://registry.npm.taobao.org/string.prototype.codepointat/download/string.prototype.codepointat-0.2.1.tgz",
      "integrity": "sha1-AErUTIr8cnUnsQjNRitNlxzUabw="
    },
    "text-to-svg": {
      "version": "3.1.5",
      "resolved": "https://registry.npm.taobao.org/text-to-svg/download/text-to-svg-3.1.5.tgz",
      "integrity": "sha1-STkT1w6uGxIkCzCVR9ZNeH7BHlc=",
      "requires": {
        "commander": "^2.11.0",
        "opentype.js": "0.11.0"
      }
    },
    "tiny-inflate": {
      "version": "1.0.3",
      "resolved": "https://registry.npm.taobao.org/tiny-inflate/download/tiny-inflate-1.0.3.tgz",
      "integrity": "sha1-EicVSUkToYBRZqr3yTRnkz7qJsQ="
    }
  }
}
